# This file is automatically @generated by Cargo.
# It is not intended for manual editing.
version = 4

[[package]]
name = "seer-consensus"
version = "0.1.0"

[[package]]
name = "seer-core"
version = "0.1.0"

[[package]]
name = "seer-crypto"
version = "0.1.0"

[[package]]
name = "seer-economy"
version = "0.1.0"

[[package]]
name = "seer-network"
version = "0.1.0"
dependencies = [
 "seer-crypto",
]

[[package]]
name = "seer-storage"
version = "0.1.0"

[[package]]
name = "seer-telegram"
version = "0.1.0"

[[package]]
name = "simulation"
version = "0.1.0"
